
Microsoft Visual Studio Solution File, Format Version 12.00
# Visual Studio Version 17
VisualStudioVersion = 17.12.35707.178
MinimumVisualStudioVersion = 10.0.40219.1
Project("{FAE04EC0-301F-11D3-BF4B-00C04F79EFBC}") = "ConsoleApp1", "ConsoleApp1.csproj", "{0566104A-F253-4870-B627-E41DADB94804}"
EndProject
Project("{2150E333-8FDC-42A3-9474-1A3956D46DE8}") = "Solution Items", "Solution Items", "{50E55A6A-6B29-4131-AB57-8DB59A1D9C1B}"
	ProjectSection(SolutionItems) = preProject
		ReadInteger.cs = ReadInteger.cs
	EndProjectSection
EndProject
Global
	GlobalSection(SolutionConfigurationPlatforms) = preSolution
		Debug|Any CPU = Debug|Any CPU
		Release|Any CPU = Release|Any CPU
	EndGlobalSection
	GlobalSection(ProjectConfigurationPlatforms) = postSolution
		{0566104A-F253-4870-B627-E41DADB94804}.Debug|Any CPU.ActiveCfg = Debug|Any CPU
		{0566104A-F253-4870-B627-E41DADB94804}.Debug|Any CPU.Build.0 = Debug|Any CPU
		{0566104A-F253-4870-B627-E41DADB94804}.Release|Any CPU.ActiveCfg = Release|Any CPU
		{0566104A-F253-4870-B627-E41DADB94804}.Release|Any CPU.Build.0 = Release|Any CPU
	EndGlobalSection
	GlobalSection(SolutionProperties) = preSolution
		HideSolutionNode = FALSE
	EndGlobalSection
EndGlobal
